// !$*UTF8*$!
{
	archiveVersion = 1;
	classes = {
	};
	objectVersion = 50;
	objects = {

/* Begin PBXBuildFile section */
		4F07A3A521204866000A38E9 /* AppDelegate.swift in Sources */ = {isa = PBXBuildFile; fileRef = 4F07A3A421204866000A38E9 /* AppDelegate.swift */; };
		4F07A3A721204866000A38E9 /* ViewController.swift in Sources */ = {isa = PBXBuildFile; fileRef = 4F07A3A621204866000A38E9 /* ViewController.swift */; };
		4F07A3AA21204866000A38E9 /* Main.storyboard in Resources */ = {isa = PBXBuildFile; fileRef = 4F07A3A821204866000A38E9 /* Main.storyboard */; };
		4F07A3AC21204867000A38E9 /* Assets.xcassets in Resources */ = {isa = PBXBuildFile; fileRef = 4F07A3AB21204867000A38E9 /* Assets.xcassets */; };
		4F07A3AF21204867000A38E9 /* LaunchScreen.storyboard in Resources */ = {isa = PBXBuildFile; fileRef = 4F07A3AD21204867000A38E9 /* LaunchScreen.storyboard */; };
		4FE6952821204E0B004EE7A4 /* Service.swift in Sources */ = {isa = PBXBuildFile; fileRef = 4FE6951D21204E0B004EE7A4 /* Service.swift */; };
		4FE6952921204E0B004EE7A4 /* ServiceRequest.swift in Sources */ = {isa = PBXBuildFile; fileRef = 4FE6951E21204E0B004EE7A4 /* ServiceRequest.swift */; };
		4FE6952A21204E0B004EE7A4 /* ServiceConfigurator.swift in Sources */ = {isa = PBXBuildFile; fileRef = 4FE6951F21204E0B004EE7A4 /* ServiceConfigurator.swift */; };
		4FE6952B21204E0B004EE7A4 /* ServiceDataMapper.swift in Sources */ = {isa = PBXBuildFile; fileRef = 4FE6952021204E0B004EE7A4 /* ServiceDataMapper.swift */; };
		4FE6952C21204E0B004EE7A4 /* Service+Alamofire.swift in Sources */ = {isa = PBXBuildFile; fileRef = 4FE6952121204E0B004EE7A4 /* Service+Alamofire.swift */; };
		4FE6952D21204E0B004EE7A4 /* ServiceError.swift in Sources */ = {isa = PBXBuildFile; fileRef = 4FE6952221204E0B004EE7A4 /* ServiceError.swift */; };
		4FE6952E21204E0B004EE7A4 /* ServiceRequestObject.swift in Sources */ = {isa = PBXBuildFile; fileRef = 4FE6952321204E0B004EE7A4 /* ServiceRequestObject.swift */; };
		4FE6952F21204E0B004EE7A4 /* ServiceResponse.swift in Sources */ = {isa = PBXBuildFile; fileRef = 4FE6952421204E0B004EE7A4 /* ServiceResponse.swift */; };
		4FE6953021204E0B004EE7A4 /* ServiceEndpoint.swift in Sources */ = {isa = PBXBuildFile; fileRef = 4FE6952521204E0B004EE7A4 /* ServiceEndpoint.swift */; };
		4FE6953121204E0B004EE7A4 /* Dicionary+Extensions.swift in Sources */ = {isa = PBXBuildFile; fileRef = 4FE6952621204E0B004EE7A4 /* Dicionary+Extensions.swift */; };
		4FE6953221204E0B004EE7A4 /* ServiceErrorManager.swift in Sources */ = {isa = PBXBuildFile; fileRef = 4FE6952721204E0B004EE7A4 /* ServiceErrorManager.swift */; };
		4FE6953521204E37004EE7A4 /* String+Extensions.swift in Sources */ = {isa = PBXBuildFile; fileRef = 4FE6953421204E37004EE7A4 /* String+Extensions.swift */; };
		E6524219B5EF92562A3509F1 /* Pods_MarvelComics.framework in Frameworks */ = {isa = PBXBuildFile; fileRef = 749F87922E3620F4C9CE9136 /* Pods_MarvelComics.framework */; };
/* End PBXBuildFile section */

/* Begin PBXFileReference section */
		4F07A3A121204866000A38E9 /* Marvel Comics.app */ = {isa = PBXFileReference; explicitFileType = wrapper.application; includeInIndex = 0; path = "Marvel Comics.app"; sourceTree = BUILT_PRODUCTS_DIR; };
		4F07A3A421204866000A38E9 /* AppDelegate.swift */ = {isa = PBXFileReference; lastKnownFileType = sourcecode.swift; path = AppDelegate.swift; sourceTree = "<group>"; };
		4F07A3A621204866000A38E9 /* ViewController.swift */ = {isa = PBXFileReference; lastKnownFileType = sourcecode.swift; path = ViewController.swift; sourceTree = "<group>"; };
		4F07A3A921204866000A38E9 /* Base */ = {isa = PBXFileReference; lastKnownFileType = file.storyboard; name = Base; path = Base.lproj/Main.storyboard; sourceTree = "<group>"; };
		4F07A3AB21204867000A38E9 /* Assets.xcassets */ = {isa = PBXFileReference; lastKnownFileType = folder.assetcatalog; path = Assets.xcassets; sourceTree = "<group>"; };
		4F07A3AE21204867000A38E9 /* Base */ = {isa = PBXFileReference; lastKnownFileType = file.storyboard; name = Base; path = Base.lproj/LaunchScreen.storyboard; sourceTree = "<group>"; };
		4F07A3B021204867000A38E9 /* Info.plist */ = {isa = PBXFileReference; lastKnownFileType = text.plist.xml; path = Info.plist; sourceTree = "<group>"; };
		4F07A3B821204B7D000A38E9 /* DEV.xcconfig */ = {isa = PBXFileReference; lastKnownFileType = text.xcconfig; path = DEV.xcconfig; sourceTree = "<group>"; };
		4F07A3B921204B87000A38E9 /* PROD.xcconfig */ = {isa = PBXFileReference; lastKnownFileType = text.xcconfig; path = PROD.xcconfig; sourceTree = "<group>"; };
		4FE6951D21204E0B004EE7A4 /* Service.swift */ = {isa = PBXFileReference; fileEncoding = 4; lastKnownFileType = sourcecode.swift; path = Service.swift; sourceTree = "<group>"; };
		4FE6951E21204E0B004EE7A4 /* ServiceRequest.swift */ = {isa = PBXFileReference; fileEncoding = 4; lastKnownFileType = sourcecode.swift; path = ServiceRequest.swift; sourceTree = "<group>"; };
		4FE6951F21204E0B004EE7A4 /* ServiceConfigurator.swift */ = {isa = PBXFileReference; fileEncoding = 4; lastKnownFileType = sourcecode.swift; path = ServiceConfigurator.swift; sourceTree = "<group>"; };
		4FE6952021204E0B004EE7A4 /* ServiceDataMapper.swift */ = {isa = PBXFileReference; fileEncoding = 4; lastKnownFileType = sourcecode.swift; path = ServiceDataMapper.swift; sourceTree = "<group>"; };
		4FE6952121204E0B004EE7A4 /* Service+Alamofire.swift */ = {isa = PBXFileReference; fileEncoding = 4; lastKnownFileType = sourcecode.swift; path = "Service+Alamofire.swift"; sourceTree = "<group>"; };
		4FE6952221204E0B004EE7A4 /* ServiceError.swift */ = {isa = PBXFileReference; fileEncoding = 4; lastKnownFileType = sourcecode.swift; path = ServiceError.swift; sourceTree = "<group>"; };
		4FE6952321204E0B004EE7A4 /* ServiceRequestObject.swift */ = {isa = PBXFileReference; fileEncoding = 4; lastKnownFileType = sourcecode.swift; path = ServiceRequestObject.swift; sourceTree = "<group>"; };
		4FE6952421204E0B004EE7A4 /* ServiceResponse.swift */ = {isa = PBXFileReference; fileEncoding = 4; lastKnownFileType = sourcecode.swift; path = ServiceResponse.swift; sourceTree = "<group>"; };
		4FE6952521204E0B004EE7A4 /* ServiceEndpoint.swift */ = {isa = PBXFileReference; fileEncoding = 4; lastKnownFileType = sourcecode.swift; path = ServiceEndpoint.swift; sourceTree = "<group>"; };
		4FE6952621204E0B004EE7A4 /* Dicionary+Extensions.swift */ = {isa = PBXFileReference; fileEncoding = 4; lastKnownFileType = sourcecode.swift; path = "Dicionary+Extensions.swift"; sourceTree = "<group>"; };
		4FE6952721204E0B004EE7A4 /* ServiceErrorManager.swift */ = {isa = PBXFileReference; fileEncoding = 4; lastKnownFileType = sourcecode.swift; path = ServiceErrorManager.swift; sourceTree = "<group>"; };
		4FE6953421204E37004EE7A4 /* String+Extensions.swift */ = {isa = PBXFileReference; lastKnownFileType = sourcecode.swift; path = "String+Extensions.swift"; sourceTree = "<group>"; };
		749F87922E3620F4C9CE9136 /* Pods_MarvelComics.framework */ = {isa = PBXFileReference; explicitFileType = wrapper.framework; includeInIndex = 0; path = Pods_MarvelComics.framework; sourceTree = BUILT_PRODUCTS_DIR; };
/* End PBXFileReference section */

/* Begin PBXFrameworksBuildPhase section */
		4F07A39E21204866000A38E9 /* Frameworks */ = {
			isa = PBXFrameworksBuildPhase;
			buildActionMask = 2147483647;
			files = (
				E6524219B5EF92562A3509F1 /* Pods_MarvelComics.framework in Frameworks */,
			);
			runOnlyForDeploymentPostprocessing = 0;
		};
/* End PBXFrameworksBuildPhase section */

/* Begin PBXGroup section */
		4F07A39821204866000A38E9 = {
			isa = PBXGroup;
			children = (
				4F07A3A321204866000A38E9 /* MarvelComics */,
				4F07A3A221204866000A38E9 /* Products */,
				84C969255C487E66F3037A3F /* Pods */,
				6EA8E7E66B06BDBDB63451BB /* Frameworks */,
			);
			sourceTree = "<group>";
		};
		4F07A3A221204866000A38E9 /* Products */ = {
			isa = PBXGroup;
			children = (
				4F07A3A121204866000A38E9 /* Marvel Comics.app */,
			);
			name = Products;
			sourceTree = "<group>";
		};
		4F07A3A321204866000A38E9 /* MarvelComics */ = {
			isa = PBXGroup;
			children = (
				4F07A3A421204866000A38E9 /* AppDelegate.swift */,
				4FE6953B21204EB5004EE7A4 /* Service */,
				4FE6953921204E70004EE7A4 /* Models */,
				4FE6953821204E5F004EE7A4 /* Views */,
				4FE6953621204E48004EE7A4 /* Controllers */,
				4FE6953321204E2A004EE7A4 /* Helpers */,
				4F07A3B621204B50000A38E9 /* Resources */,
				4F07A3A821204866000A38E9 /* Main.storyboard */,
				4F07A3AD21204867000A38E9 /* LaunchScreen.storyboard */,
			);
			path = MarvelComics;
			sourceTree = "<group>";
		};
		4F07A3B621204B50000A38E9 /* Resources */ = {
			isa = PBXGroup;
			children = (
				4F07A3B721204B58000A38E9 /* Configuration */,
				4F07A3AB21204867000A38E9 /* Assets.xcassets */,
				4F07A3B021204867000A38E9 /* Info.plist */,
			);
			path = Resources;
			sourceTree = "<group>";
		};
		4F07A3B721204B58000A38E9 /* Configuration */ = {
			isa = PBXGroup;
			children = (
				4F07A3B821204B7D000A38E9 /* DEV.xcconfig */,
				4F07A3B921204B87000A38E9 /* PROD.xcconfig */,
			);
			path = Configuration;
			sourceTree = "<group>";
		};
		4FE6951C21204E0B004EE7A4 /* ServiceLayer */ = {
			isa = PBXGroup;
			children = (
				4FE6951D21204E0B004EE7A4 /* Service.swift */,
				4FE6951E21204E0B004EE7A4 /* ServiceRequest.swift */,
				4FE6951F21204E0B004EE7A4 /* ServiceConfigurator.swift */,
				4FE6952021204E0B004EE7A4 /* ServiceDataMapper.swift */,
				4FE6952121204E0B004EE7A4 /* Service+Alamofire.swift */,
				4FE6952221204E0B004EE7A4 /* ServiceError.swift */,
				4FE6952321204E0B004EE7A4 /* ServiceRequestObject.swift */,
				4FE6952421204E0B004EE7A4 /* ServiceResponse.swift */,
				4FE6952521204E0B004EE7A4 /* ServiceEndpoint.swift */,
				4FE6952621204E0B004EE7A4 /* Dicionary+Extensions.swift */,
				4FE6952721204E0B004EE7A4 /* ServiceErrorManager.swift */,
			);
			path = ServiceLayer;
			sourceTree = "<group>";
		};
		4FE6953321204E2A004EE7A4 /* Helpers */ = {
			isa = PBXGroup;
			children = (
				4FE6951C21204E0B004EE7A4 /* ServiceLayer */,
				4FE6953A21204E9A004EE7A4 /* Extensions */,
			);
			path = Helpers;
			sourceTree = "<group>";
		};
		4FE6953621204E48004EE7A4 /* Controllers */ = {
			isa = PBXGroup;
			children = (
				4F07A3A621204866000A38E9 /* ViewController.swift */,
			);
			path = Controllers;
			sourceTree = "<group>";
		};
		4FE6953821204E5F004EE7A4 /* Views */ = {
			isa = PBXGroup;
			children = (
			);
			path = Views;
			sourceTree = "<group>";
		};
		4FE6953921204E70004EE7A4 /* Models */ = {
			isa = PBXGroup;
			children = (
			);
			path = Models;
			sourceTree = "<group>";
		};
		4FE6953A21204E9A004EE7A4 /* Extensions */ = {
			isa = PBXGroup;
			children = (
				4FE6953421204E37004EE7A4 /* String+Extensions.swift */,
			);
			path = Extensions;
			sourceTree = "<group>";
		};
		4FE6953B21204EB5004EE7A4 /* Service */ = {
			isa = PBXGroup;
			children = (
			);
			path = Service;
			sourceTree = "<group>";
		};
		6EA8E7E66B06BDBDB63451BB /* Frameworks */ = {
			isa = PBXGroup;
			children = (
				749F87922E3620F4C9CE9136 /* Pods_MarvelComics.framework */,
			);
			name = Frameworks;
			sourceTree = "<group>";
		};
		84C969255C487E66F3037A3F /* Pods */ = {
			isa = PBXGroup;
			children = (
			);
			name = Pods;
			sourceTree = "<group>";
		};
/* End PBXGroup section */

/* Begin PBXNativeTarget section */
		4F07A3A021204866000A38E9 /* MarvelComics */ = {
			isa = PBXNativeTarget;
			buildConfigurationList = 4F07A3B321204867000A38E9 /* Build configuration list for PBXNativeTarget "MarvelComics" */;
			buildPhases = (
				65526D05D9395977C9FD971A /* [CP] Check Pods Manifest.lock */,
				4F07A39D21204866000A38E9 /* Sources */,
				4F07A39E21204866000A38E9 /* Frameworks */,
				4F07A39F21204866000A38E9 /* Resources */,
				C0620FB08661A9E49891E0D4 /* [CP] Embed Pods Frameworks */,
			);
			buildRules = (
			);
			dependencies = (
			);
			name = MarvelComics;
			productName = MarvelApp;
			productReference = 4F07A3A121204866000A38E9 /* Marvel Comics.app */;
			productType = "com.apple.product-type.application";
		};
/* End PBXNativeTarget section */

/* Begin PBXProject section */
		4F07A39921204866000A38E9 /* Project object */ = {
			isa = PBXProject;
			attributes = {
				LastSwiftUpdateCheck = 0940;
				LastUpgradeCheck = 0940;
				ORGANIZATIONNAME = Seedrop;
				TargetAttributes = {
					4F07A3A021204866000A38E9 = {
						CreatedOnToolsVersion = 9.4.1;
					};
				};
			};
			buildConfigurationList = 4F07A39C21204866000A38E9 /* Build configuration list for PBXProject "MarvelComics" */;
			compatibilityVersion = "Xcode 9.3";
			developmentRegion = en;
			hasScannedForEncodings = 0;
			knownRegions = (
				en,
				Base,
			);
			mainGroup = 4F07A39821204866000A38E9;
			productRefGroup = 4F07A3A221204866000A38E9 /* Products */;
			projectDirPath = "";
			projectRoot = "";
			targets = (
				4F07A3A021204866000A38E9 /* MarvelComics */,
			);
		};
/* End PBXProject section */

/* Begin PBXResourcesBuildPhase section */
		4F07A39F21204866000A38E9 /* Resources */ = {
			isa = PBXResourcesBuildPhase;
			buildActionMask = 2147483647;
			files = (
				4F07A3AF21204867000A38E9 /* LaunchScreen.storyboard in Resources */,
				4F07A3AC21204867000A38E9 /* Assets.xcassets in Resources */,
				4F07A3AA21204866000A38E9 /* Main.storyboard in Resources */,
			);
			runOnlyForDeploymentPostprocessing = 0;
		};
/* End PBXResourcesBuildPhase section */

/* Begin PBXShellScriptBuildPhase section */
		65526D05D9395977C9FD971A /* [CP] Check Pods Manifest.lock */ = {
			isa = PBXShellScriptBuildPhase;
			buildActionMask = 2147483647;
			files = (
			);
			inputPaths = (
				"${PODS_PODFILE_DIR_PATH}/Podfile.lock",
				"${PODS_ROOT}/Manifest.lock",
			);
			name = "[CP] Check Pods Manifest.lock";
			outputPaths = (
				"$(DERIVED_FILE_DIR)/Pods-MarvelComics-checkManifestLockResult.txt",
			);
			runOnlyForDeploymentPostprocessing = 0;
			shellPath = /bin/sh;
			shellScript = "diff \"${PODS_PODFILE_DIR_PATH}/Podfile.lock\" \"${PODS_ROOT}/Manifest.lock\" > /dev/null\nif [ $? != 0 ] ; then\n    # print error to STDERR\n    echo \"error: The sandbox is not in sync with the Podfile.lock. Run 'pod install' or update your CocoaPods installation.\" >&2\n    exit 1\nfi\n# This output is used by Xcode 'outputs' to avoid re-running this script phase.\necho \"SUCCESS\" > \"${SCRIPT_OUTPUT_FILE_0}\"\n";
			showEnvVarsInLog = 0;
		};
		C0620FB08661A9E49891E0D4 /* [CP] Embed Pods Frameworks */ = {
			isa = PBXShellScriptBuildPhase;
			buildActionMask = 2147483647;
			files = (
			);
			inputPaths = (
				"${SRCROOT}/Pods/Target Support Files/Pods-MarvelComics/Pods-MarvelComics-frameworks.sh",
				"${BUILT_PRODUCTS_DIR}/Alamofire/Alamofire.framework",
				"${BUILT_PRODUCTS_DIR}/NVActivityIndicatorView/NVActivityIndicatorView.framework",
				"${BUILT_PRODUCTS_DIR}/SnapKit/SnapKit.framework",
			);
			name = "[CP] Embed Pods Frameworks";
			outputPaths = (
				"${TARGET_BUILD_DIR}/${FRAMEWORKS_FOLDER_PATH}/Alamofire.framework",
				"${TARGET_BUILD_DIR}/${FRAMEWORKS_FOLDER_PATH}/NVActivityIndicatorView.framework",
				"${TARGET_BUILD_DIR}/${FRAMEWORKS_FOLDER_PATH}/SnapKit.framework",
			);
			runOnlyForDeploymentPostprocessing = 0;
			shellPath = /bin/sh;
			shellScript = "\"${SRCROOT}/Pods/Target Support Files/Pods-MarvelComics/Pods-MarvelComics-frameworks.sh\"\n";
			showEnvVarsInLog = 0;
		};
/* End PBXShellScriptBuildPhase section */

/* Begin PBXSourcesBuildPhase section */
		4F07A39D21204866000A38E9 /* Sources */ = {
			isa = PBXSourcesBuildPhase;
			buildActionMask = 2147483647;
			files = (
				4FE6952D21204E0B004EE7A4 /* ServiceError.swift in Sources */,
				4FE6953221204E0B004EE7A4 /* ServiceErrorManager.swift in Sources */,
				4FE6952B21204E0B004EE7A4 /* ServiceDataMapper.swift in Sources */,
				4FE6953121204E0B004EE7A4 /* Dicionary+Extensions.swift in Sources */,
				4FE6952A21204E0B004EE7A4 /* ServiceConfigurator.swift in Sources */,
				4F07A3A721204866000A38E9 /* ViewController.swift in Sources */,
				4FE6953021204E0B004EE7A4 /* ServiceEndpoint.swift in Sources */,
				4FE6952921204E0B004EE7A4 /* ServiceRequest.swift in Sources */,
				4FE6953521204E37004EE7A4 /* String+Extensions.swift in Sources */,
				4F07A3A521204866000A38E9 /* AppDelegate.swift in Sources */,
				4FE6952C21204E0B004EE7A4 /* Service+Alamofire.swift in Sources */,
				4FE6952821204E0B004EE7A4 /* Service.swift in Sources */,
				4FE6952F21204E0B004EE7A4 /* ServiceResponse.swift in Sources */,
				4FE6952E21204E0B004EE7A4 /* ServiceRequestObject.swift in Sources */,
			);
			runOnlyForDeploymentPostprocessing = 0;
		};
/* End PBXSourcesBuildPhase section */

/* Begin PBXVariantGroup section */
		4F07A3A821204866000A38E9 /* Main.storyboard */ = {
			isa = PBXVariantGroup;
			children = (
				4F07A3A921204866000A38E9 /* Base */,
			);
			name = Main.storyboard;
			sourceTree = "<group>";
		};
		4F07A3AD21204867000A38E9 /* LaunchScreen.storyboard */ = {
			isa = PBXVariantGroup;
			children = (
				4F07A3AE21204867000A38E9 /* Base */,
			);
			name = LaunchScreen.storyboard;
			sourceTree = "<group>";
		};
/* End PBXVariantGroup section */

/* Begin XCBuildConfiguration section */
		4F07A3B121204867000A38E9 /* DEV */ = {
			isa = XCBuildConfiguration;
			baseConfigurationReference = 4F07A3B821204B7D000A38E9 /* DEV.xcconfig */;
			buildSettings = {
				ALWAYS_SEARCH_USER_PATHS = NO;
				CLANG_ANALYZER_NONNULL = YES;
				CLANG_ANALYZER_NUMBER_OBJECT_CONVERSION = YES_AGGRESSIVE;
				CLANG_CXX_LANGUAGE_STANDARD = "gnu++14";
				CLANG_CXX_LIBRARY = "libc++";
				CLANG_ENABLE_MODULES = YES;
				CLANG_ENABLE_OBJC_ARC = YES;
				CLANG_ENABLE_OBJC_WEAK = YES;
				CLANG_WARN_BLOCK_CAPTURE_AUTORELEASING = YES;
				CLANG_WARN_BOOL_CONVERSION = YES;
				CLANG_WARN_COMMA = YES;
				CLANG_WARN_CONSTANT_CONVERSION = YES;
				CLANG_WARN_DEPRECATED_OBJC_IMPLEMENTATIONS = YES;
				CLANG_WARN_DIRECT_OBJC_ISA_USAGE = YES_ERROR;
				CLANG_WARN_DOCUMENTATION_COMMENTS = YES;
				CLANG_WARN_EMPTY_BODY = YES;
				CLANG_WARN_ENUM_CONVERSION = YES;
				CLANG_WARN_INFINITE_RECURSION = YES;
				CLANG_WARN_INT_CONVERSION = YES;
				CLANG_WARN_NON_LITERAL_NULL_CONVERSION = YES;
				CLANG_WARN_OBJC_IMPLICIT_RETAIN_SELF = YES;
				CLANG_WARN_OBJC_LITERAL_CONVERSION = YES;
				CLANG_WARN_OBJC_ROOT_CLASS = YES_ERROR;
				CLANG_WARN_RANGE_LOOP_ANALYSIS = YES;
				CLANG_WARN_STRICT_PROTOTYPES = YES;
				CLANG_WARN_SUSPICIOUS_MOVE = YES;
				CLANG_WARN_UNGUARDED_AVAILABILITY = YES_AGGRESSIVE;
				CLANG_WARN_UNREACHABLE_CODE = YES;
				CLANG_WARN__DUPLICATE_METHOD_MATCH = YES;
				CODE_SIGN_IDENTITY = "iPhone Developer";
				COPY_PHASE_STRIP = NO;
				DEBUG_INFORMATION_FORMAT = dwarf;
				ENABLE_STRICT_OBJC_MSGSEND = YES;
				ENABLE_TESTABILITY = YES;
				GCC_C_LANGUAGE_STANDARD = gnu11;
				GCC_DYNAMIC_NO_PIC = NO;
				GCC_NO_COMMON_BLOCKS = YES;
				GCC_OPTIMIZATION_LEVEL = 0;
				GCC_PREPROCESSOR_DEFINITIONS = (
					"DEBUG=1",
					"$(inherited)",
				);
				GCC_WARN_64_TO_32_BIT_CONVERSION = YES;
				GCC_WARN_ABOUT_RETURN_TYPE = YES_ERROR;
				GCC_WARN_UNDECLARED_SELECTOR = YES;
				GCC_WARN_UNINITIALIZED_AUTOS = YES_AGGRESSIVE;
				GCC_WARN_UNUSED_FUNCTION = YES;
				GCC_WARN_UNUSED_VARIABLE = YES;
				IPHONEOS_DEPLOYMENT_TARGET = 11.0;
				MTL_ENABLE_DEBUG_INFO = YES;
				ONLY_ACTIVE_ARCH = YES;
				SDKROOT = iphoneos;
				SWIFT_ACTIVE_COMPILATION_CONDITIONS = DEBUG;
				SWIFT_OPTIMIZATION_LEVEL = "-Onone";
			};
			name = DEV;
		};
		4F07A3B221204867000A38E9 /* PROD */ = {
			isa = XCBuildConfiguration;
			baseConfigurationReference = 4F07A3B921204B87000A38E9 /* PROD.xcconfig */;
			buildSettings = {
				ALWAYS_SEARCH_USER_PATHS = NO;
				CLANG_ANALYZER_NONNULL = YES;
				CLANG_ANALYZER_NUMBER_OBJECT_CONVERSION = YES_AGGRESSIVE;
				CLANG_CXX_LANGUAGE_STANDARD = "gnu++14";
				CLANG_CXX_LIBRARY = "libc++";
				CLANG_ENABLE_MODULES = YES;
				CLANG_ENABLE_OBJC_ARC = YES;
				CLANG_ENABLE_OBJC_WEAK = YES;
				CLANG_WARN_BLOCK_CAPTURE_AUTORELEASING = YES;
				CLANG_WARN_BOOL_CONVERSION = YES;
				CLANG_WARN_COMMA = YES;
				CLANG_WARN_CONSTANT_CONVERSION = YES;
				CLANG_WARN_DEPRECATED_OBJC_IMPLEMENTATIONS = YES;
				CLANG_WARN_DIRECT_OBJC_ISA_USAGE = YES_ERROR;
				CLANG_WARN_DOCUMENTATION_COMMENTS = YES;
				CLANG_WARN_EMPTY_BODY = YES;
				CLANG_WARN_ENUM_CONVERSION = YES;
				CLANG_WARN_INFINITE_RECURSION = YES;
				CLANG_WARN_INT_CONVERSION = YES;
				CLANG_WARN_NON_LITERAL_NULL_CONVERSION = YES;
				CLANG_WARN_OBJC_IMPLICIT_RETAIN_SELF = YES;
				CLANG_WARN_OBJC_LITERAL_CONVERSION = YES;
				CLANG_WARN_OBJC_ROOT_CLASS = YES_ERROR;
				CLANG_WARN_RANGE_LOOP_ANALYSIS = YES;
				CLANG_WARN_STRICT_PROTOTYPES = YES;
				CLANG_WARN_SUSPICIOUS_MOVE = YES;
				CLANG_WARN_UNGUARDED_AVAILABILITY = YES_AGGRESSIVE;
				CLANG_WARN_UNREACHABLE_CODE = YES;
				CLANG_WARN__DUPLICATE_METHOD_MATCH = YES;
				CODE_SIGN_IDENTITY = "iPhone Developer";
				COPY_PHASE_STRIP = NO;
				DEBUG_INFORMATION_FORMAT = "dwarf-with-dsym";
				ENABLE_NS_ASSERTIONS = NO;
				ENABLE_STRICT_OBJC_MSGSEND = YES;
				GCC_C_LANGUAGE_STANDARD = gnu11;
				GCC_NO_COMMON_BLOCKS = YES;
				GCC_WARN_64_TO_32_BIT_CONVERSION = YES;
				GCC_WARN_ABOUT_RETURN_TYPE = YES_ERROR;
				GCC_WARN_UNDECLARED_SELECTOR = YES;
				GCC_WARN_UNINITIALIZED_AUTOS = YES_AGGRESSIVE;
				GCC_WARN_UNUSED_FUNCTION = YES;
				GCC_WARN_UNUSED_VARIABLE = YES;
				IPHONEOS_DEPLOYMENT_TARGET = 11.0;
				MTL_ENABLE_DEBUG_INFO = NO;
				SDKROOT = iphoneos;
				SWIFT_COMPILATION_MODE = wholemodule;
				SWIFT_OPTIMIZATION_LEVEL = "-O";
				VALIDATE_PRODUCT = YES;
			};
			name = PROD;
		};
		4F07A3B421204867000A38E9 /* DEV */ = {
			isa = XCBuildConfiguration;
			baseConfigurationReference = 4F07A3B821204B7D000A38E9 /* DEV.xcconfig */;
			buildSettings = {
				ASSETCATALOG_COMPILER_APPICON_NAME = "AppIcon-DEV";
				CODE_SIGN_STYLE = Automatic;
				DEVELOPMENT_TEAM = 94F5F34EVW;
				INFOPLIST_FILE = MarvelComics/Resources/Info.plist;
				LD_RUNPATH_SEARCH_PATHS = (
					"$(inherited)",
					"@executable_path/Frameworks",
				);
				PRODUCT_BUNDLE_IDENTIFIER = com.seedrop.MarvelComics.dev;
				PRODUCT_NAME = "Marvel Comics";
				SWIFT_VERSION = 4.0;
				TARGETED_DEVICE_FAMILY = "1,2";
			};
			name = DEV;
		};
		4F07A3B521204867000A38E9 /* PROD */ = {
			isa = XCBuildConfiguration;
			baseConfigurationReference = 4F07A3B921204B87000A38E9 /* PROD.xcconfig */;
			buildSettings = {
				ASSETCATALOG_COMPILER_APPICON_NAME = AppIcon;
				CODE_SIGN_STYLE = Automatic;
				DEVELOPMENT_TEAM = 94F5F34EVW;
				INFOPLIST_FILE = MarvelComics/Resources/Info.plist;
				LD_RUNPATH_SEARCH_PATHS = (
					"$(inherited)",
					"@executable_path/Frameworks",
				);
				PRODUCT_BUNDLE_IDENTIFIER = com.seedrop.MarvelComics;
				PRODUCT_NAME = "Marvel Comics";
				SWIFT_VERSION = 4.0;
				TARGETED_DEVICE_FAMILY = "1,2";
			};
			name = PROD;
		};
/* End XCBuildConfiguration section */

/* Begin XCConfigurationList section */
		4F07A39C21204866000A38E9 /* Build configuration list for PBXProject "MarvelComics" */ = {
			isa = XCConfigurationList;
			buildConfigurations = (
				4F07A3B121204867000A38E9 /* DEV */,
				4F07A3B221204867000A38E9 /* PROD */,
			);
			defaultConfigurationIsVisible = 0;
			defaultConfigurationName = PROD;
		};
		4F07A3B321204867000A38E9 /* Build configuration list for PBXNativeTarget "MarvelComics" */ = {
			isa = XCConfigurationList;
			buildConfigurations = (
				4F07A3B421204867000A38E9 /* DEV */,
				4F07A3B521204867000A38E9 /* PROD */,
			);
			defaultConfigurationIsVisible = 0;
			defaultConfigurationName = PROD;
		};
/* End XCConfigurationList section */
	};
	rootObject = 4F07A39921204866000A38E9 /* Project object */;
}
